
Microsoft Visual Studio Solution File, Format Version 12.00
# Visual Studio Version 17
VisualStudioVersion = 17.3.32825.248
MinimumVisualStudioVersion = 10.0.40219.1
Project("{9A19103F-16F7-4668-BE54-9A1E7A4F7556}") = "CalculatorUnitTest", "CalculatorUnitTest.csproj", "{D6A3AE8E-65D2-4847-9AAE-E70191CE26CD}"
EndProject
Project("{FAE04EC0-301F-11D3-BF4B-00C04F79EFBC}") = "AdditionLogic", "..\AdditionLogic\AdditionLogic.csproj", "{7194B62F-348A-4D47-B266-F33FB5884C95}"
EndProject
Global
	GlobalSection(SolutionConfigurationPlatforms) = preSolution
		Debug|Any CPU = Debug|Any CPU
		Release|Any CPU = Release|Any CPU
	EndGlobalSection
	GlobalSection(ProjectConfigurationPlatforms) = postSolution
		{D6A3AE8E-65D2-4847-9AAE-E70191CE26CD}.Debug|Any CPU.ActiveCfg = Debug|Any CPU
		{D6A3AE8E-65D2-4847-9AAE-E70191CE26CD}.Debug|Any CPU.Build.0 = Debug|Any CPU
		{D6A3AE8E-65D2-4847-9AAE-E70191CE26CD}.Release|Any CPU.ActiveCfg = Release|Any CPU
		{D6A3AE8E-65D2-4847-9AAE-E70191CE26CD}.Release|Any CPU.Build.0 = Release|Any CPU
		{7194B62F-348A-4D47-B266-F33FB5884C95}.Debug|Any CPU.ActiveCfg = Debug|Any CPU
		{7194B62F-348A-4D47-B266-F33FB5884C95}.Debug|Any CPU.Build.0 = Debug|Any CPU
		{7194B62F-348A-4D47-B266-F33FB5884C95}.Release|Any CPU.ActiveCfg = Release|Any CPU
		{7194B62F-348A-4D47-B266-F33FB5884C95}.Release|Any CPU.Build.0 = Release|Any CPU
	EndGlobalSection
	GlobalSection(SolutionProperties) = preSolution
		HideSolutionNode = FALSE
	EndGlobalSection
	GlobalSection(ExtensibilityGlobals) = postSolution
		SolutionGuid = {7374EB3A-6BC5-4800-A530-2F7FAC7E6703}
	EndGlobalSection
EndGlobal
